
Microsoft Visual Studio Solution File, Format Version 12.00
# Visual Studio Version 17
VisualStudioVersion = 17.4.33213.308
MinimumVisualStudioVersion = 10.0.40219.1
Project("{FAE04EC0-301F-11D3-BF4B-00C04F79EFBC}") = "COMP003A.Asignment1-10", "COMP003A.Asignment1-10\COMP003A.Asignment1-10.csproj", "{EE2754BD-9671-4921-BA91-7637D82D561C}"
EndProject
Global
	GlobalSection(SolutionConfigurationPlatforms) = preSolution
		Debug|Any CPU = Debug|Any CPU
		Release|Any CPU = Release|Any CPU
	EndGlobalSection
	GlobalSection(ProjectConfigurationPlatforms) = postSolution
		{EE2754BD-9671-4921-BA91-7637D82D561C}.Debug|Any CPU.ActiveCfg = Debug|Any CPU
		{EE2754BD-9671-4921-BA91-7637D82D561C}.Debug|Any CPU.Build.0 = Debug|Any CPU
		{EE2754BD-9671-4921-BA91-7637D82D561C}.Release|Any CPU.ActiveCfg = Release|Any CPU
		{EE2754BD-9671-4921-BA91-7637D82D561C}.Release|Any CPU.Build.0 = Release|Any CPU
	EndGlobalSection
	GlobalSection(SolutionProperties) = preSolution
		HideSolutionNode = FALSE
	EndGlobalSection
	GlobalSection(ExtensibilityGlobals) = postSolution
		SolutionGuid = {55CE0B3D-EE64-4F14-903B-B26F55135E87}
	EndGlobalSection
EndGlobal
